
Microsoft Visual Studio Solution File, Format Version 12.00
# Visual Studio 15
VisualStudioVersion = 15.0.27703.2000
MinimumVisualStudioVersion = 10.0.40219.1
Project("{9A19103F-16F7-4668-BE54-9A1E7A4F7556}") = "E8ay.User.Api", "E8ay.User.Api\E8ay.User.Api.csproj", "{59C80662-370E-41DD-BF26-388913C5ADF6}"
EndProject
Project("{E53339B2-1760-4266-BCC7-CA923CBCF16C}") = "docker-compose", "docker-compose.dcproj", "{29430410-491A-4E10-B131-CA650F4D376E}"
EndProject
Project("{9A19103F-16F7-4668-BE54-9A1E7A4F7556}") = "E8ay.Item.Api", "E8ay.Item.Api\E8ay.Item.Api.csproj", "{32D60DA9-43F2-4345-8DFF-9F867F333A7A}"
EndProject
Project("{9A19103F-16F7-4668-BE54-9A1E7A4F7556}") = "E8ay.Bid.Api", "E8ay.Bid.Api\E8ay.Bid.Api.csproj", "{B7AC5469-E34A-4AB1-B92F-46F6BA0E4E92}"
EndProject
Project("{2150E333-8FDC-42A3-9474-1A3956D46DE8}") = "src", "src", "{5A9A495E-775D-4F66-AA1D-598DD551603B}"
EndProject
Project("{2150E333-8FDC-42A3-9474-1A3956D46DE8}") = "User", "User", "{17BEB1D6-73D8-41AE-A3FB-97BD8497A01B}"
EndProject
Project("{2150E333-8FDC-42A3-9474-1A3956D46DE8}") = "Item", "Item", "{69F1072A-F9CF-4DBC-903B-06631EB13FCE}"
EndProject
Project("{2150E333-8FDC-42A3-9474-1A3956D46DE8}") = "Bid", "Bid", "{1795C85A-766D-4A94-BDDD-4A1B7C61381D}"
EndProject
Project("{2150E333-8FDC-42A3-9474-1A3956D46DE8}") = "Common", "Common", "{B84EA0F3-50E0-4F09-A9BA-A1B911213812}"
EndProject
Project("{9A19103F-16F7-4668-BE54-9A1E7A4F7556}") = "E8ay.User.Services", "E8ay.User.Services\E8ay.User.Services.csproj", "{0313DA38-CE29-4BA8-B2CF-C5021B7E9DD3}"
EndProject
Project("{9A19103F-16F7-4668-BE54-9A1E7A4F7556}") = "E8ay.User.Data", "E8ay.User.Data\E8ay.User.Data.csproj", "{E11D8259-B7E2-4A4F-9937-6831CDAEF27F}"
EndProject
Project("{9A19103F-16F7-4668-BE54-9A1E7A4F7556}") = "E8ay.Item.Services", "E8ay.Item.Services\E8ay.Item.Services.csproj", "{7033A2B3-75CB-49DE-A4E7-43E3F50B6332}"
EndProject
Project("{9A19103F-16F7-4668-BE54-9A1E7A4F7556}") = "E8ay.Item.Data", "E8ay.Item.Data\E8ay.Item.Data.csproj", "{8DEC172F-0FB7-4357-AE73-D2AA4EF05E8D}"
EndProject
Project("{9A19103F-16F7-4668-BE54-9A1E7A4F7556}") = "E8ay.Bid.Services", "E8ay.Bid.Services\E8ay.Bid.Services.csproj", "{13AB8023-B6B0-4C1F-B282-55077870AC4C}"
EndProject
Project("{9A19103F-16F7-4668-BE54-9A1E7A4F7556}") = "E8ay.Bid.Data", "E8ay.Bid.Data\E8ay.Bid.Data.csproj", "{CEA26DD0-C5FA-4652-AFA2-EEBCBBF41E13}"
EndProject
Project("{9A19103F-16F7-4668-BE54-9A1E7A4F7556}") = "E8ay.Common", "E8ay.Common\E8ay.Common.csproj", "{08C7B0A2-64F0-4264-A4C5-6DB786EB04DF}"
EndProject
Project("{9A19103F-16F7-4668-BE54-9A1E7A4F7556}") = "E8ay.Common.Api", "E8ay.Common.Api\E8ay.Common.Api.csproj", "{3E27A639-D883-473E-B706-AD6BF89100A3}"
EndProject
Project("{9A19103F-16F7-4668-BE54-9A1E7A4F7556}") = "E8ay.Common.Data", "E8ay.Common.Data\E8ay.Common.Data.csproj", "{C3A493FF-2F88-4F66-BB22-297F1C70C68A}"
EndProject
Project("{9A19103F-16F7-4668-BE54-9A1E7A4F7556}") = "E8ay.Common.HangFire", "E8ay.Common.HangFire\E8ay.Common.HangFire.csproj", "{E8B7FA15-7F90-486D-8127-1B7F4E9D809B}"
EndProject
Project("{9A19103F-16F7-4668-BE54-9A1E7A4F7556}") = "E8ay.Common.ApiClient", "E8ay.Common.ApiClient\E8ay.Common.ApiClient.csproj", "{9E5A8A8C-3A13-4121-8D26-3A5A6F9347B1}"
EndProject
Project("{9A19103F-16F7-4668-BE54-9A1E7A4F7556}") = "E8ay.Common.Pusher", "E8ay.Common.Pusher\E8ay.Common.Pusher.csproj", "{A6215C01-58A7-4D2B-BC4A-E826203F25CA}"
EndProject
Project("{2150E333-8FDC-42A3-9474-1A3956D46DE8}") = "test", "test", "{A14F61A9-A726-4860-975D-FB5352864E9C}"
EndProject
Project("{FAE04EC0-301F-11D3-BF4B-00C04F79EFBC}") = "E8ay.Common.HangFire.Test", "test\E8ay.Common.HangFire.Test\E8ay.Common.HangFire.Test.csproj", "{3B8E1304-599A-44F8-BB9F-E345CFE3FB11}"
EndProject
Project("{FAE04EC0-301F-11D3-BF4B-00C04F79EFBC}") = "E8ay.Item.Services.Test", "test\E8ay.Item.Services.Test\E8ay.Item.Services.Test.csproj", "{7CF1D657-A502-4E6E-A463-C9BA6682BB6F}"
EndProject
Project("{FAE04EC0-301F-11D3-BF4B-00C04F79EFBC}") = "E8ay.Bid.Services.Test", "test\E8ay.Bid.Services.Test\E8ay.Bid.Services.Test.csproj", "{08BB4738-4526-470B-96C5-D421CAD3EF92}"
EndProject
Global
	GlobalSection(SolutionConfigurationPlatforms) = preSolution
		Debug|Any CPU = Debug|Any CPU
		Release|Any CPU = Release|Any CPU
	EndGlobalSection
	GlobalSection(ProjectConfigurationPlatforms) = postSolution
		{59C80662-370E-41DD-BF26-388913C5ADF6}.Debug|Any CPU.ActiveCfg = Debug|Any CPU
		{59C80662-370E-41DD-BF26-388913C5ADF6}.Debug|Any CPU.Build.0 = Debug|Any CPU
		{59C80662-370E-41DD-BF26-388913C5ADF6}.Release|Any CPU.ActiveCfg = Release|Any CPU
		{59C80662-370E-41DD-BF26-388913C5ADF6}.Release|Any CPU.Build.0 = Release|Any CPU
		{29430410-491A-4E10-B131-CA650F4D376E}.Debug|Any CPU.ActiveCfg = Debug|Any CPU
		{29430410-491A-4E10-B131-CA650F4D376E}.Debug|Any CPU.Build.0 = Debug|Any CPU
		{29430410-491A-4E10-B131-CA650F4D376E}.Release|Any CPU.ActiveCfg = Release|Any CPU
		{29430410-491A-4E10-B131-CA650F4D376E}.Release|Any CPU.Build.0 = Release|Any CPU
		{32D60DA9-43F2-4345-8DFF-9F867F333A7A}.Debug|Any CPU.ActiveCfg = Debug|Any CPU
		{32D60DA9-43F2-4345-8DFF-9F867F333A7A}.Debug|Any CPU.Build.0 = Debug|Any CPU
		{32D60DA9-43F2-4345-8DFF-9F867F333A7A}.Release|Any CPU.ActiveCfg = Release|Any CPU
		{32D60DA9-43F2-4345-8DFF-9F867F333A7A}.Release|Any CPU.Build.0 = Release|Any CPU
		{B7AC5469-E34A-4AB1-B92F-46F6BA0E4E92}.Debug|Any CPU.ActiveCfg = Debug|Any CPU
		{B7AC5469-E34A-4AB1-B92F-46F6BA0E4E92}.Debug|Any CPU.Build.0 = Debug|Any CPU
		{B7AC5469-E34A-4AB1-B92F-46F6BA0E4E92}.Release|Any CPU.ActiveCfg = Release|Any CPU
		{B7AC5469-E34A-4AB1-B92F-46F6BA0E4E92}.Release|Any CPU.Build.0 = Release|Any CPU
		{0313DA38-CE29-4BA8-B2CF-C5021B7E9DD3}.Debug|Any CPU.ActiveCfg = Debug|Any CPU
		{0313DA38-CE29-4BA8-B2CF-C5021B7E9DD3}.Debug|Any CPU.Build.0 = Debug|Any CPU
		{0313DA38-CE29-4BA8-B2CF-C5021B7E9DD3}.Release|Any CPU.ActiveCfg = Release|Any CPU
		{0313DA38-CE29-4BA8-B2CF-C5021B7E9DD3}.Release|Any CPU.Build.0 = Release|Any CPU
		{E11D8259-B7E2-4A4F-9937-6831CDAEF27F}.Debug|Any CPU.ActiveCfg = Debug|Any CPU
		{E11D8259-B7E2-4A4F-9937-6831CDAEF27F}.Debug|Any CPU.Build.0 = Debug|Any CPU
		{E11D8259-B7E2-4A4F-9937-6831CDAEF27F}.Release|Any CPU.ActiveCfg = Release|Any CPU
		{E11D8259-B7E2-4A4F-9937-6831CDAEF27F}.Release|Any CPU.Build.0 = Release|Any CPU
		{7033A2B3-75CB-49DE-A4E7-43E3F50B6332}.Debug|Any CPU.ActiveCfg = Debug|Any CPU
		{7033A2B3-75CB-49DE-A4E7-43E3F50B6332}.Debug|Any CPU.Build.0 = Debug|Any CPU
		{7033A2B3-75CB-49DE-A4E7-43E3F50B6332}.Release|Any CPU.ActiveCfg = Release|Any CPU
		{7033A2B3-75CB-49DE-A4E7-43E3F50B6332}.Release|Any CPU.Build.0 = Release|Any CPU
		{8DEC172F-0FB7-4357-AE73-D2AA4EF05E8D}.Debug|Any CPU.ActiveCfg = Debug|Any CPU
		{8DEC172F-0FB7-4357-AE73-D2AA4EF05E8D}.Debug|Any CPU.Build.0 = Debug|Any CPU
		{8DEC172F-0FB7-4357-AE73-D2AA4EF05E8D}.Release|Any CPU.ActiveCfg = Release|Any CPU
		{8DEC172F-0FB7-4357-AE73-D2AA4EF05E8D}.Release|Any CPU.Build.0 = Release|Any CPU
		{13AB8023-B6B0-4C1F-B282-55077870AC4C}.Debug|Any CPU.ActiveCfg = Debug|Any CPU
		{13AB8023-B6B0-4C1F-B282-55077870AC4C}.Debug|Any CPU.Build.0 = Debug|Any CPU
		{13AB8023-B6B0-4C1F-B282-55077870AC4C}.Release|Any CPU.ActiveCfg = Release|Any CPU
		{13AB8023-B6B0-4C1F-B282-55077870AC4C}.Release|Any CPU.Build.0 = Release|Any CPU
		{CEA26DD0-C5FA-4652-AFA2-EEBCBBF41E13}.Debug|Any CPU.ActiveCfg = Debug|Any CPU
		{CEA26DD0-C5FA-4652-AFA2-EEBCBBF41E13}.Debug|Any CPU.Build.0 = Debug|Any CPU
		{CEA26DD0-C5FA-4652-AFA2-EEBCBBF41E13}.Release|Any CPU.ActiveCfg = Release|Any CPU
		{CEA26DD0-C5FA-4652-AFA2-EEBCBBF41E13}.Release|Any CPU.Build.0 = Release|Any CPU
		{08C7B0A2-64F0-4264-A4C5-6DB786EB04DF}.Debug|Any CPU.ActiveCfg = Debug|Any CPU
		{08C7B0A2-64F0-4264-A4C5-6DB786EB04DF}.Debug|Any CPU.Build.0 = Debug|Any CPU
		{08C7B0A2-64F0-4264-A4C5-6DB786EB04DF}.Release|Any CPU.ActiveCfg = Release|Any CPU
		{08C7B0A2-64F0-4264-A4C5-6DB786EB04DF}.Release|Any CPU.Build.0 = Release|Any CPU
		{3E27A639-D883-473E-B706-AD6BF89100A3}.Debug|Any CPU.ActiveCfg = Debug|Any CPU
		{3E27A639-D883-473E-B706-AD6BF89100A3}.Debug|Any CPU.Build.0 = Debug|Any CPU
		{3E27A639-D883-473E-B706-AD6BF89100A3}.Release|Any CPU.ActiveCfg = Release|Any CPU
		{3E27A639-D883-473E-B706-AD6BF89100A3}.Release|Any CPU.Build.0 = Release|Any CPU
		{C3A493FF-2F88-4F66-BB22-297F1C70C68A}.Debug|Any CPU.ActiveCfg = Debug|Any CPU
		{C3A493FF-2F88-4F66-BB22-297F1C70C68A}.Debug|Any CPU.Build.0 = Debug|Any CPU
		{C3A493FF-2F88-4F66-BB22-297F1C70C68A}.Release|Any CPU.ActiveCfg = Release|Any CPU
		{C3A493FF-2F88-4F66-BB22-297F1C70C68A}.Release|Any CPU.Build.0 = Release|Any CPU
		{E8B7FA15-7F90-486D-8127-1B7F4E9D809B}.Debug|Any CPU.ActiveCfg = Debug|Any CPU
		{E8B7FA15-7F90-486D-8127-1B7F4E9D809B}.Debug|Any CPU.Build.0 = Debug|Any CPU
		{E8B7FA15-7F90-486D-8127-1B7F4E9D809B}.Release|Any CPU.ActiveCfg = Release|Any CPU
		{E8B7FA15-7F90-486D-8127-1B7F4E9D809B}.Release|Any CPU.Build.0 = Release|Any CPU
		{9E5A8A8C-3A13-4121-8D26-3A5A6F9347B1}.Debug|Any CPU.ActiveCfg = Debug|Any CPU
		{9E5A8A8C-3A13-4121-8D26-3A5A6F9347B1}.Debug|Any CPU.Build.0 = Debug|Any CPU
		{9E5A8A8C-3A13-4121-8D26-3A5A6F9347B1}.Release|Any CPU.ActiveCfg = Release|Any CPU
		{9E5A8A8C-3A13-4121-8D26-3A5A6F9347B1}.Release|Any CPU.Build.0 = Release|Any CPU
		{A6215C01-58A7-4D2B-BC4A-E826203F25CA}.Debug|Any CPU.ActiveCfg = Debug|Any CPU
		{A6215C01-58A7-4D2B-BC4A-E826203F25CA}.Debug|Any CPU.Build.0 = Debug|Any CPU
		{A6215C01-58A7-4D2B-BC4A-E826203F25CA}.Release|Any CPU.ActiveCfg = Release|Any CPU
		{A6215C01-58A7-4D2B-BC4A-E826203F25CA}.Release|Any CPU.Build.0 = Release|Any CPU
		{3B8E1304-599A-44F8-BB9F-E345CFE3FB11}.Debug|Any CPU.ActiveCfg = Debug|Any CPU
		{3B8E1304-599A-44F8-BB9F-E345CFE3FB11}.Debug|Any CPU.Build.0 = Debug|Any CPU
		{3B8E1304-599A-44F8-BB9F-E345CFE3FB11}.Release|Any CPU.ActiveCfg = Release|Any CPU
		{3B8E1304-599A-44F8-BB9F-E345CFE3FB11}.Release|Any CPU.Build.0 = Release|Any CPU
		{7CF1D657-A502-4E6E-A463-C9BA6682BB6F}.Debug|Any CPU.ActiveCfg = Debug|Any CPU
		{7CF1D657-A502-4E6E-A463-C9BA6682BB6F}.Debug|Any CPU.Build.0 = Debug|Any CPU
		{7CF1D657-A502-4E6E-A463-C9BA6682BB6F}.Release|Any CPU.ActiveCfg = Release|Any CPU
		{7CF1D657-A502-4E6E-A463-C9BA6682BB6F}.Release|Any CPU.Build.0 = Release|Any CPU
		{08BB4738-4526-470B-96C5-D421CAD3EF92}.Debug|Any CPU.ActiveCfg = Debug|Any CPU
		{08BB4738-4526-470B-96C5-D421CAD3EF92}.Debug|Any CPU.Build.0 = Debug|Any CPU
		{08BB4738-4526-470B-96C5-D421CAD3EF92}.Release|Any CPU.ActiveCfg = Release|Any CPU
		{08BB4738-4526-470B-96C5-D421CAD3EF92}.Release|Any CPU.Build.0 = Release|Any CPU
	EndGlobalSection
	GlobalSection(SolutionProperties) = preSolution
		HideSolutionNode = FALSE
	EndGlobalSection
	GlobalSection(NestedProjects) = preSolution
		{59C80662-370E-41DD-BF26-388913C5ADF6} = {17BEB1D6-73D8-41AE-A3FB-97BD8497A01B}
		{32D60DA9-43F2-4345-8DFF-9F867F333A7A} = {69F1072A-F9CF-4DBC-903B-06631EB13FCE}
		{B7AC5469-E34A-4AB1-B92F-46F6BA0E4E92} = {1795C85A-766D-4A94-BDDD-4A1B7C61381D}
		{17BEB1D6-73D8-41AE-A3FB-97BD8497A01B} = {5A9A495E-775D-4F66-AA1D-598DD551603B}
		{69F1072A-F9CF-4DBC-903B-06631EB13FCE} = {5A9A495E-775D-4F66-AA1D-598DD551603B}
		{1795C85A-766D-4A94-BDDD-4A1B7C61381D} = {5A9A495E-775D-4F66-AA1D-598DD551603B}
		{B84EA0F3-50E0-4F09-A9BA-A1B911213812} = {5A9A495E-775D-4F66-AA1D-598DD551603B}
		{0313DA38-CE29-4BA8-B2CF-C5021B7E9DD3} = {17BEB1D6-73D8-41AE-A3FB-97BD8497A01B}
		{E11D8259-B7E2-4A4F-9937-6831CDAEF27F} = {17BEB1D6-73D8-41AE-A3FB-97BD8497A01B}
		{7033A2B3-75CB-49DE-A4E7-43E3F50B6332} = {69F1072A-F9CF-4DBC-903B-06631EB13FCE}
		{8DEC172F-0FB7-4357-AE73-D2AA4EF05E8D} = {69F1072A-F9CF-4DBC-903B-06631EB13FCE}
		{13AB8023-B6B0-4C1F-B282-55077870AC4C} = {1795C85A-766D-4A94-BDDD-4A1B7C61381D}
		{CEA26DD0-C5FA-4652-AFA2-EEBCBBF41E13} = {1795C85A-766D-4A94-BDDD-4A1B7C61381D}
		{08C7B0A2-64F0-4264-A4C5-6DB786EB04DF} = {B84EA0F3-50E0-4F09-A9BA-A1B911213812}
		{3E27A639-D883-473E-B706-AD6BF89100A3} = {B84EA0F3-50E0-4F09-A9BA-A1B911213812}
		{C3A493FF-2F88-4F66-BB22-297F1C70C68A} = {B84EA0F3-50E0-4F09-A9BA-A1B911213812}
		{E8B7FA15-7F90-486D-8127-1B7F4E9D809B} = {B84EA0F3-50E0-4F09-A9BA-A1B911213812}
		{9E5A8A8C-3A13-4121-8D26-3A5A6F9347B1} = {B84EA0F3-50E0-4F09-A9BA-A1B911213812}
		{A6215C01-58A7-4D2B-BC4A-E826203F25CA} = {B84EA0F3-50E0-4F09-A9BA-A1B911213812}
		{3B8E1304-599A-44F8-BB9F-E345CFE3FB11} = {A14F61A9-A726-4860-975D-FB5352864E9C}
		{7CF1D657-A502-4E6E-A463-C9BA6682BB6F} = {A14F61A9-A726-4860-975D-FB5352864E9C}
		{08BB4738-4526-470B-96C5-D421CAD3EF92} = {A14F61A9-A726-4860-975D-FB5352864E9C}
	EndGlobalSection
	GlobalSection(ExtensibilityGlobals) = postSolution
		SolutionGuid = {D74559EC-D593-45B7-A4CA-E8A03FE48EB5}
	EndGlobalSection
EndGlobal
